# This file is autogenerated, do not edit; changes may be undone by the next 'dep ensure'.


[[projects]]
  branch = "master"
  digest = "1:a5df171cdb4ff90d3877c1c9f439481231f5c45919564e9e105c1ed590cf4d6d"
  name = "github.com/dgryski/go-idea"
  packages = ["."]
  pruneopts = "UT"
  revision = "d2fb45a411fb694e8400cf80e91a25146a2af86e"

[[projects]]
  branch = "master"
  digest = "1:2e9300195b3d581cdf14bd42d9010e10347b281250618635973bd4347e8feedf"
  name = "golang.org/x/crypto"
  packages = [
    "cast5",
    "ripemd160",
  ]
  pruneopts = "UT"
  revision = "e9b2fee46413994441b28dfca259d911d963dfed"

[solve-meta]
  analyzer-name = "dep"
  analyzer-version = 1
  input-imports = [
    "github.com/dgryski/go-idea",
    "golang.org/x/crypto/cast5",
    "golang.org/x/crypto/ripemd160",
  ]
  solver-name = "gps-cdcl"
  solver-version = 1
